
Microsoft Visual Studio Solution File, Format Version 12.00
# Visual Studio 15
VisualStudioVersion = 15.0.27130.2010
MinimumVisualStudioVersion = 10.0.40219.1
Project("{8BC9CEB8-8B4A-11D0-8D11-00A0C91BC942}") = "math", "math\math.vcxproj", "{B47A59B3-90BD-4324-9554-DDF715D289E5}"
EndProject
Project("{8BC9CEB8-8B4A-11D0-8D11-00A0C91BC942}") = "math_test", "math_test\math_test.vcxproj", "{20070405-4783-470B-9F39-CAE4701285C7}"
	ProjectSection(ProjectDependencies) = postProject
		{C8F6C172-56F2-4E76-B5FA-C3B423B31BE7} = {C8F6C172-56F2-4E76-B5FA-C3B423B31BE7}
		{DAB34292-E4A8-46C7-AC1B-0654C13E96CC} = {DAB34292-E4A8-46C7-AC1B-0654C13E96CC}
	EndProjectSection
EndProject
Project("{8BC9CEB8-8B4A-11D0-8D11-00A0C91BC942}") = "gtest", "googletest\msvc\2010\gtest.vcxproj", "{C8F6C172-56F2-4E76-B5FA-C3B423B31BE7}"
EndProject
Project("{8BC9CEB8-8B4A-11D0-8D11-00A0C91BC942}") = "utility", "utility\utility.vcxproj", "{DAB34292-E4A8-46C7-AC1B-0654C13E96CC}"
EndProject
Project("{8BC9CEB8-8B4A-11D0-8D11-00A0C91BC942}") = "behavior", "behavior\behavior.vcxproj", "{58179EE6-64C7-4701-9B77-6088558127E8}"
EndProject
Global
	GlobalSection(SolutionConfigurationPlatforms) = preSolution
		Debug|x64 = Debug|x64
		Debug|x86 = Debug|x86
		Release|x64 = Release|x64
		Release|x86 = Release|x86
	EndGlobalSection
	GlobalSection(ProjectConfigurationPlatforms) = postSolution
		{B47A59B3-90BD-4324-9554-DDF715D289E5}.Debug|x64.ActiveCfg = Debug|x64
		{B47A59B3-90BD-4324-9554-DDF715D289E5}.Debug|x64.Build.0 = Debug|x64
		{B47A59B3-90BD-4324-9554-DDF715D289E5}.Debug|x86.ActiveCfg = Debug|Win32
		{B47A59B3-90BD-4324-9554-DDF715D289E5}.Debug|x86.Build.0 = Debug|Win32
		{B47A59B3-90BD-4324-9554-DDF715D289E5}.Release|x64.ActiveCfg = Release|x64
		{B47A59B3-90BD-4324-9554-DDF715D289E5}.Release|x64.Build.0 = Release|x64
		{B47A59B3-90BD-4324-9554-DDF715D289E5}.Release|x86.ActiveCfg = Release|Win32
		{B47A59B3-90BD-4324-9554-DDF715D289E5}.Release|x86.Build.0 = Release|Win32
		{20070405-4783-470B-9F39-CAE4701285C7}.Debug|x64.ActiveCfg = Debug|x64
		{20070405-4783-470B-9F39-CAE4701285C7}.Debug|x64.Build.0 = Debug|x64
		{20070405-4783-470B-9F39-CAE4701285C7}.Debug|x86.ActiveCfg = Debug|Win32
		{20070405-4783-470B-9F39-CAE4701285C7}.Debug|x86.Build.0 = Debug|Win32
		{20070405-4783-470B-9F39-CAE4701285C7}.Release|x64.ActiveCfg = Release|x64
		{20070405-4783-470B-9F39-CAE4701285C7}.Release|x64.Build.0 = Release|x64
		{20070405-4783-470B-9F39-CAE4701285C7}.Release|x86.ActiveCfg = Release|Win32
		{20070405-4783-470B-9F39-CAE4701285C7}.Release|x86.Build.0 = Release|Win32
		{C8F6C172-56F2-4E76-B5FA-C3B423B31BE7}.Debug|x64.ActiveCfg = Debug|x64
		{C8F6C172-56F2-4E76-B5FA-C3B423B31BE7}.Debug|x64.Build.0 = Debug|x64
		{C8F6C172-56F2-4E76-B5FA-C3B423B31BE7}.Debug|x86.ActiveCfg = Debug|Win32
		{C8F6C172-56F2-4E76-B5FA-C3B423B31BE7}.Debug|x86.Build.0 = Debug|Win32
		{C8F6C172-56F2-4E76-B5FA-C3B423B31BE7}.Release|x64.ActiveCfg = Release|x64
		{C8F6C172-56F2-4E76-B5FA-C3B423B31BE7}.Release|x64.Build.0 = Release|x64
		{C8F6C172-56F2-4E76-B5FA-C3B423B31BE7}.Release|x86.ActiveCfg = Release|Win32
		{C8F6C172-56F2-4E76-B5FA-C3B423B31BE7}.Release|x86.Build.0 = Release|Win32
		{DAB34292-E4A8-46C7-AC1B-0654C13E96CC}.Debug|x64.ActiveCfg = Debug|x64
		{DAB34292-E4A8-46C7-AC1B-0654C13E96CC}.Debug|x64.Build.0 = Debug|x64
		{DAB34292-E4A8-46C7-AC1B-0654C13E96CC}.Debug|x86.ActiveCfg = Debug|Win32
		{DAB34292-E4A8-46C7-AC1B-0654C13E96CC}.Debug|x86.Build.0 = Debug|Win32
		{DAB34292-E4A8-46C7-AC1B-0654C13E96CC}.Release|x64.ActiveCfg = Release|x64
		{DAB34292-E4A8-46C7-AC1B-0654C13E96CC}.Release|x64.Build.0 = Release|x64
		{DAB34292-E4A8-46C7-AC1B-0654C13E96CC}.Release|x86.ActiveCfg = Release|Win32
		{DAB34292-E4A8-46C7-AC1B-0654C13E96CC}.Release|x86.Build.0 = Release|Win32
		{58179EE6-64C7-4701-9B77-6088558127E8}.Debug|x64.ActiveCfg = Debug|x64
		{58179EE6-64C7-4701-9B77-6088558127E8}.Debug|x64.Build.0 = Debug|x64
		{58179EE6-64C7-4701-9B77-6088558127E8}.Debug|x86.ActiveCfg = Debug|Win32
		{58179EE6-64C7-4701-9B77-6088558127E8}.Debug|x86.Build.0 = Debug|Win32
		{58179EE6-64C7-4701-9B77-6088558127E8}.Release|x64.ActiveCfg = Release|x64
		{58179EE6-64C7-4701-9B77-6088558127E8}.Release|x64.Build.0 = Release|x64
		{58179EE6-64C7-4701-9B77-6088558127E8}.Release|x86.ActiveCfg = Release|Win32
		{58179EE6-64C7-4701-9B77-6088558127E8}.Release|x86.Build.0 = Release|Win32
	EndGlobalSection
	GlobalSection(SolutionProperties) = preSolution
		HideSolutionNode = FALSE
	EndGlobalSection
	GlobalSection(ExtensibilityGlobals) = postSolution
		SolutionGuid = {0B806A09-5A57-49DB-A4A0-FC02E44C81DA}
	EndGlobalSection
EndGlobal
